// !$*UTF8*$!
{
	archiveVersion = 1;
	classes = {
	};
	objectVersion = 56;
	objects = {

/* Begin PBXBuildFile section */
		87E91D0629CB5A930012FC45 /* TwitterSwiftUICloneApp.swift in Sources */ = {isa = PBXBuildFile; fileRef = 87E91D0529CB5A930012FC45 /* TwitterSwiftUICloneApp.swift */; };
		87E91D0829CB5A930012FC45 /* ContentView.swift in Sources */ = {isa = PBXBuildFile; fileRef = 87E91D0729CB5A930012FC45 /* ContentView.swift */; };
		87E91D0A29CB5A950012FC45 /* Assets.xcassets in Resources */ = {isa = PBXBuildFile; fileRef = 87E91D0929CB5A950012FC45 /* Assets.xcassets */; };
		87E91D0E29CB5A950012FC45 /* Preview Assets.xcassets in Resources */ = {isa = PBXBuildFile; fileRef = 87E91D0D29CB5A950012FC45 /* Preview Assets.xcassets */; };
		87E91D1D29CC3D2D0012FC45 /* FeedView.swift in Sources */ = {isa = PBXBuildFile; fileRef = 87E91D1C29CC3D2D0012FC45 /* FeedView.swift */; };
		87E91D2029CC3E120012FC45 /* TweetRowView.swift in Sources */ = {isa = PBXBuildFile; fileRef = 87E91D1F29CC3E120012FC45 /* TweetRowView.swift */; };
		87E91D2329CC4AFF0012FC45 /* MainTabView.swift in Sources */ = {isa = PBXBuildFile; fileRef = 87E91D2229CC4AFF0012FC45 /* MainTabView.swift */; };
		87E91D2929CC4D5D0012FC45 /* ExploreView.swift in Sources */ = {isa = PBXBuildFile; fileRef = 87E91D2829CC4D5D0012FC45 /* ExploreView.swift */; };
		87E91D2B29CC4D870012FC45 /* NotificationsView.swift in Sources */ = {isa = PBXBuildFile; fileRef = 87E91D2A29CC4D870012FC45 /* NotificationsView.swift */; };
		87E91D2D29CC4DAC0012FC45 /* MessagesView.swift in Sources */ = {isa = PBXBuildFile; fileRef = 87E91D2C29CC4DAC0012FC45 /* MessagesView.swift */; };
		87E91D3129CC4F400012FC45 /* ProfileView.swift in Sources */ = {isa = PBXBuildFile; fileRef = 87E91D3029CC4F400012FC45 /* ProfileView.swift */; };
		87E91D3329CC5D660012FC45 /* TweetFileViewModel.swift in Sources */ = {isa = PBXBuildFile; fileRef = 87E91D3229CC5D660012FC45 /* TweetFileViewModel.swift */; };
		87E91D3829CC81ED0012FC45 /* UserRowView.swift in Sources */ = {isa = PBXBuildFile; fileRef = 87E91D3729CC81ED0012FC45 /* UserRowView.swift */; };
		87E91D3D29CC87150012FC45 /* SideMenuView.swift in Sources */ = {isa = PBXBuildFile; fileRef = 87E91D3C29CC87150012FC45 /* SideMenuView.swift */; };
		87E91D3F29CC87270012FC45 /* SideMenuOptionRowView.swift in Sources */ = {isa = PBXBuildFile; fileRef = 87E91D3E29CC87270012FC45 /* SideMenuOptionRowView.swift */; };
		87E91D4129CC873F0012FC45 /* SideMenuViewModel.swift in Sources */ = {isa = PBXBuildFile; fileRef = 87E91D4029CC873F0012FC45 /* SideMenuViewModel.swift */; };
		87E91D4329CC8AE10012FC45 /* UserStatsView.swift in Sources */ = {isa = PBXBuildFile; fileRef = 87E91D4229CC8AE10012FC45 /* UserStatsView.swift */; };
		87FF67B729D0E2B3002B004F /* NewTweetView.swift in Sources */ = {isa = PBXBuildFile; fileRef = 87FF67B629D0E2B3002B004F /* NewTweetView.swift */; };
		87FF67B929D0E490002B004F /* TextArea.swift in Sources */ = {isa = PBXBuildFile; fileRef = 87FF67B829D0E490002B004F /* TextArea.swift */; };
/* End PBXBuildFile section */

/* Begin PBXFileReference section */
		87E91D0229CB5A930012FC45 /* TwitterSwiftUIClone.app */ = {isa = PBXFileReference; explicitFileType = wrapper.application; includeInIndex = 0; path = TwitterSwiftUIClone.app; sourceTree = BUILT_PRODUCTS_DIR; };
		87E91D0529CB5A930012FC45 /* TwitterSwiftUICloneApp.swift */ = {isa = PBXFileReference; lastKnownFileType = sourcecode.swift; path = TwitterSwiftUICloneApp.swift; sourceTree = "<group>"; };
		87E91D0729CB5A930012FC45 /* ContentView.swift */ = {isa = PBXFileReference; lastKnownFileType = sourcecode.swift; path = ContentView.swift; sourceTree = "<group>"; };
		87E91D0929CB5A950012FC45 /* Assets.xcassets */ = {isa = PBXFileReference; lastKnownFileType = folder.assetcatalog; path = Assets.xcassets; sourceTree = "<group>"; };
		87E91D0B29CB5A950012FC45 /* TwitterSwiftUIClone.entitlements */ = {isa = PBXFileReference; lastKnownFileType = text.plist.entitlements; path = TwitterSwiftUIClone.entitlements; sourceTree = "<group>"; };
		87E91D0D29CB5A950012FC45 /* Preview Assets.xcassets */ = {isa = PBXFileReference; lastKnownFileType = folder.assetcatalog; path = "Preview Assets.xcassets"; sourceTree = "<group>"; };
		87E91D1C29CC3D2D0012FC45 /* FeedView.swift */ = {isa = PBXFileReference; lastKnownFileType = sourcecode.swift; path = FeedView.swift; sourceTree = "<group>"; };
		87E91D1F29CC3E120012FC45 /* TweetRowView.swift */ = {isa = PBXFileReference; lastKnownFileType = sourcecode.swift; path = TweetRowView.swift; sourceTree = "<group>"; };
		87E91D2229CC4AFF0012FC45 /* MainTabView.swift */ = {isa = PBXFileReference; lastKnownFileType = sourcecode.swift; path = MainTabView.swift; sourceTree = "<group>"; };
		87E91D2829CC4D5D0012FC45 /* ExploreView.swift */ = {isa = PBXFileReference; lastKnownFileType = sourcecode.swift; path = ExploreView.swift; sourceTree = "<group>"; };
		87E91D2A29CC4D870012FC45 /* NotificationsView.swift */ = {isa = PBXFileReference; lastKnownFileType = sourcecode.swift; path = NotificationsView.swift; sourceTree = "<group>"; };
		87E91D2C29CC4DAC0012FC45 /* MessagesView.swift */ = {isa = PBXFileReference; lastKnownFileType = sourcecode.swift; path = MessagesView.swift; sourceTree = "<group>"; };
		87E91D3029CC4F400012FC45 /* ProfileView.swift */ = {isa = PBXFileReference; lastKnownFileType = sourcecode.swift; path = ProfileView.swift; sourceTree = "<group>"; };
		87E91D3229CC5D660012FC45 /* TweetFileViewModel.swift */ = {isa = PBXFileReference; lastKnownFileType = sourcecode.swift; path = TweetFileViewModel.swift; sourceTree = "<group>"; };
		87E91D3729CC81ED0012FC45 /* UserRowView.swift */ = {isa = PBXFileReference; lastKnownFileType = sourcecode.swift; path = UserRowView.swift; sourceTree = "<group>"; };
		87E91D3C29CC87150012FC45 /* SideMenuView.swift */ = {isa = PBXFileReference; lastKnownFileType = sourcecode.swift; path = SideMenuView.swift; sourceTree = "<group>"; };
		87E91D3E29CC87270012FC45 /* SideMenuOptionRowView.swift */ = {isa = PBXFileReference; lastKnownFileType = sourcecode.swift; path = SideMenuOptionRowView.swift; sourceTree = "<group>"; };
		87E91D4029CC873F0012FC45 /* SideMenuViewModel.swift */ = {isa = PBXFileReference; lastKnownFileType = sourcecode.swift; path = SideMenuViewModel.swift; sourceTree = "<group>"; };
		87E91D4229CC8AE10012FC45 /* UserStatsView.swift */ = {isa = PBXFileReference; lastKnownFileType = sourcecode.swift; path = UserStatsView.swift; sourceTree = "<group>"; };
		87FF67B629D0E2B3002B004F /* NewTweetView.swift */ = {isa = PBXFileReference; lastKnownFileType = sourcecode.swift; path = NewTweetView.swift; sourceTree = "<group>"; };
		87FF67B829D0E490002B004F /* TextArea.swift */ = {isa = PBXFileReference; lastKnownFileType = sourcecode.swift; path = TextArea.swift; sourceTree = "<group>"; };
/* End PBXFileReference section */

/* Begin PBXFrameworksBuildPhase section */
		87E91CFF29CB5A930012FC45 /* Frameworks */ = {
			isa = PBXFrameworksBuildPhase;
			buildActionMask = 2147483647;
			files = (
			);
			runOnlyForDeploymentPostprocessing = 0;
		};
/* End PBXFrameworksBuildPhase section */

/* Begin PBXGroup section */
		87E91CF929CB5A930012FC45 = {
			isa = PBXGroup;
			children = (
				87E91D0429CB5A930012FC45 /* TwitterSwiftUIClone */,
				87E91D0329CB5A930012FC45 /* Products */,
			);
			sourceTree = "<group>";
		};
		87E91D0329CB5A930012FC45 /* Products */ = {
			isa = PBXGroup;
			children = (
				87E91D0229CB5A930012FC45 /* TwitterSwiftUIClone.app */,
			);
			name = Products;
			sourceTree = "<group>";
		};
		87E91D0429CB5A930012FC45 /* TwitterSwiftUIClone */ = {
			isa = PBXGroup;
			children = (
				87E91D1729CC38310012FC45 /* Core */,
				87E91D1629CB5AEB0012FC45 /* Service */,
				87E91D1529CB5AE50012FC45 /* Model */,
				87E91D1429CB5AC60012FC45 /* Extensions */,
				87E91D0529CB5A930012FC45 /* TwitterSwiftUICloneApp.swift */,
				87E91D0729CB5A930012FC45 /* ContentView.swift */,
				87E91D0929CB5A950012FC45 /* Assets.xcassets */,
				87E91D0B29CB5A950012FC45 /* TwitterSwiftUIClone.entitlements */,
				87E91D0C29CB5A950012FC45 /* Preview Content */,
			);
			path = TwitterSwiftUIClone;
			sourceTree = "<group>";
		};
		87E91D0C29CB5A950012FC45 /* Preview Content */ = {
			isa = PBXGroup;
			children = (
				87E91D0D29CB5A950012FC45 /* Preview Assets.xcassets */,
			);
			path = "Preview Content";
			sourceTree = "<group>";
		};
		87E91D1429CB5AC60012FC45 /* Extensions */ = {
			isa = PBXGroup;
			children = (
			);
			path = Extensions;
			sourceTree = "<group>";
		};
		87E91D1529CB5AE50012FC45 /* Model */ = {
			isa = PBXGroup;
			children = (
			);
			path = Model;
			sourceTree = "<group>";
		};
		87E91D1629CB5AEB0012FC45 /* Service */ = {
			isa = PBXGroup;
			children = (
			);
			path = Service;
			sourceTree = "<group>";
		};
		87E91D1729CC38310012FC45 /* Core */ = {
			isa = PBXGroup;
			children = (
				87E91D1829CC38660012FC45 /* Components */,
				87FF67B329D0E28F002B004F /* UploadTweet */,
				87E91D3929CC86F10012FC45 /* SideMenu */,
				87E91D2729CC4D2F0012FC45 /* Profile */,
				87E91D2629CC4CE40012FC45 /* Explore */,
				87E91D2529CC4CE10012FC45 /* Notifications */,
				87E91D2429CC4CDC0012FC45 /* Messages */,
				87E91D2129CC4AE40012FC45 /* MainTab */,
				87E91D1929CC387B0012FC45 /* Feed */,
			);
			path = Core;
			sourceTree = "<group>";
		};
		87E91D1829CC38660012FC45 /* Components */ = {
			isa = PBXGroup;
			children = (
				87E91D3629CC81DC0012FC45 /* Users */,
				87E91D1E29CC3DDA0012FC45 /* Tweets */,
				87FF67B829D0E490002B004F /* TextArea.swift */,
			);
			path = Components;
			sourceTree = "<group>";
		};
		87E91D1929CC387B0012FC45 /* Feed */ = {
			isa = PBXGroup;
			children = (
				87E91D1B29CC3D110012FC45 /* View */,
				87E91D1A29CC3D050012FC45 /* ViewModels */,
			);
			path = Feed;
			sourceTree = "<group>";
		};
		87E91D1A29CC3D050012FC45 /* ViewModels */ = {
			isa = PBXGroup;
			children = (
			);
			path = ViewModels;
			sourceTree = "<group>";
		};
		87E91D1B29CC3D110012FC45 /* View */ = {
			isa = PBXGroup;
			children = (
				87E91D1C29CC3D2D0012FC45 /* FeedView.swift */,
			);
			path = View;
			sourceTree = "<group>";
		};
		87E91D1E29CC3DDA0012FC45 /* Tweets */ = {
			isa = PBXGroup;
			children = (
				87E91D1F29CC3E120012FC45 /* TweetRowView.swift */,
			);
			path = Tweets;
			sourceTree = "<group>";
		};
		87E91D2129CC4AE40012FC45 /* MainTab */ = {
			isa = PBXGroup;
			children = (
				87E91D2229CC4AFF0012FC45 /* MainTabView.swift */,
			);
			path = MainTab;
			sourceTree = "<group>";
		};
		87E91D2429CC4CDC0012FC45 /* Messages */ = {
			isa = PBXGroup;
			children = (
				87E91D2C29CC4DAC0012FC45 /* MessagesView.swift */,
			);
			path = Messages;
			sourceTree = "<group>";
		};
		87E91D2529CC4CE10012FC45 /* Notifications */ = {
			isa = PBXGroup;
			children = (
				87E91D2A29CC4D870012FC45 /* NotificationsView.swift */,
			);
			path = Notifications;
			sourceTree = "<group>";
		};
		87E91D2629CC4CE40012FC45 /* Explore */ = {
			isa = PBXGroup;
			children = (
				87E91D3529CC81BB0012FC45 /* ViewModel */,
				87E91D3429CC81B30012FC45 /* View */,
				87E91D2829CC4D5D0012FC45 /* ExploreView.swift */,
			);
			path = Explore;
			sourceTree = "<group>";
		};
		87E91D2729CC4D2F0012FC45 /* Profile */ = {
			isa = PBXGroup;
			children = (
				87E91D2F29CC4F300012FC45 /* Views */,
				87E91D2E29CC4F260012FC45 /* ViewModels */,
			);
			path = Profile;
			sourceTree = "<group>";
		};
		87E91D2E29CC4F260012FC45 /* ViewModels */ = {
			isa = PBXGroup;
			children = (
				87E91D3229CC5D660012FC45 /* TweetFileViewModel.swift */,
			);
			path = ViewModels;
			sourceTree = "<group>";
		};
		87E91D2F29CC4F300012FC45 /* Views */ = {
			isa = PBXGroup;
			children = (
				87E91D3029CC4F400012FC45 /* ProfileView.swift */,
			);
			path = Views;
			sourceTree = "<group>";
		};
		87E91D3429CC81B30012FC45 /* View */ = {
			isa = PBXGroup;
			children = (
			);
			path = View;
			sourceTree = "<group>";
		};
		87E91D3529CC81BB0012FC45 /* ViewModel */ = {
			isa = PBXGroup;
			children = (
			);
			path = ViewModel;
			sourceTree = "<group>";
		};
		87E91D3629CC81DC0012FC45 /* Users */ = {
			isa = PBXGroup;
			children = (
				87E91D3729CC81ED0012FC45 /* UserRowView.swift */,
				87E91D4229CC8AE10012FC45 /* UserStatsView.swift */,
			);
			path = Users;
			sourceTree = "<group>";
		};
		87E91D3929CC86F10012FC45 /* SideMenu */ = {
			isa = PBXGroup;
			children = (
				87E91D3B29CC87060012FC45 /* View */,
				87E91D3A29CC86FD0012FC45 /* ViewModel */,
			);
			path = SideMenu;
			sourceTree = "<group>";
		};
		87E91D3A29CC86FD0012FC45 /* ViewModel */ = {
			isa = PBXGroup;
			children = (
				87E91D4029CC873F0012FC45 /* SideMenuViewModel.swift */,
			);
			path = ViewModel;
			sourceTree = "<group>";
		};
		87E91D3B29CC87060012FC45 /* View */ = {
			isa = PBXGroup;
			children = (
				87E91D3C29CC87150012FC45 /* SideMenuView.swift */,
				87E91D3E29CC87270012FC45 /* SideMenuOptionRowView.swift */,
			);
			path = View;
			sourceTree = "<group>";
		};
		87FF67B329D0E28F002B004F /* UploadTweet */ = {
			isa = PBXGroup;
			children = (
				87FF67B529D0E2A3002B004F /* View */,
				87FF67B429D0E29C002B004F /* ViewModels */,
			);
			path = UploadTweet;
			sourceTree = "<group>";
		};
		87FF67B429D0E29C002B004F /* ViewModels */ = {
			isa = PBXGroup;
			children = (
			);
			path = ViewModels;
			sourceTree = "<group>";
		};
		87FF67B529D0E2A3002B004F /* View */ = {
			isa = PBXGroup;
			children = (
				87FF67B629D0E2B3002B004F /* NewTweetView.swift */,
			);
			path = View;
			sourceTree = "<group>";
		};
/* End PBXGroup section */

/* Begin PBXNativeTarget section */
		87E91D0129CB5A930012FC45 /* TwitterSwiftUIClone */ = {
			isa = PBXNativeTarget;
			buildConfigurationList = 87E91D1129CB5A950012FC45 /* Build configuration list for PBXNativeTarget "TwitterSwiftUIClone" */;
			buildPhases = (
				87E91CFE29CB5A930012FC45 /* Sources */,
				87E91CFF29CB5A930012FC45 /* Frameworks */,
				87E91D0029CB5A930012FC45 /* Resources */,
			);
			buildRules = (
			);
			dependencies = (
			);
			name = TwitterSwiftUIClone;
			productName = TwitterSwiftUIClone;
			productReference = 87E91D0229CB5A930012FC45 /* TwitterSwiftUIClone.app */;
			productType = "com.apple.product-type.application";
		};
/* End PBXNativeTarget section */

/* Begin PBXProject section */
		87E91CFA29CB5A930012FC45 /* Project object */ = {
			isa = PBXProject;
			attributes = {
				BuildIndependentTargetsInParallel = 1;
				LastSwiftUpdateCheck = 1410;
				LastUpgradeCheck = 1410;
				TargetAttributes = {
					87E91D0129CB5A930012FC45 = {
						CreatedOnToolsVersion = 14.1;
					};
				};
			};
			buildConfigurationList = 87E91CFD29CB5A930012FC45 /* Build configuration list for PBXProject "TwitterSwiftUIClone" */;
			compatibilityVersion = "Xcode 14.0";
			developmentRegion = en;
			hasScannedForEncodings = 0;
			knownRegions = (
				en,
				Base,
			);
			mainGroup = 87E91CF929CB5A930012FC45;
			productRefGroup = 87E91D0329CB5A930012FC45 /* Products */;
			projectDirPath = "";
			projectRoot = "";
			targets = (
				87E91D0129CB5A930012FC45 /* TwitterSwiftUIClone */,
			);
		};
/* End PBXProject section */

/* Begin PBXResourcesBuildPhase section */
		87E91D0029CB5A930012FC45 /* Resources */ = {
			isa = PBXResourcesBuildPhase;
			buildActionMask = 2147483647;
			files = (
				87E91D0E29CB5A950012FC45 /* Preview Assets.xcassets in Resources */,
				87E91D0A29CB5A950012FC45 /* Assets.xcassets in Resources */,
			);
			runOnlyForDeploymentPostprocessing = 0;
		};
/* End PBXResourcesBuildPhase section */

/* Begin PBXSourcesBuildPhase section */
		87E91CFE29CB5A930012FC45 /* Sources */ = {
			isa = PBXSourcesBuildPhase;
			buildActionMask = 2147483647;
			files = (
				87E91D2D29CC4DAC0012FC45 /* MessagesView.swift in Sources */,
				87E91D3129CC4F400012FC45 /* ProfileView.swift in Sources */,
				87E91D3329CC5D660012FC45 /* TweetFileViewModel.swift in Sources */,
				87E91D3F29CC87270012FC45 /* SideMenuOptionRowView.swift in Sources */,
				87E91D0829CB5A930012FC45 /* ContentView.swift in Sources */,
				87E91D2029CC3E120012FC45 /* TweetRowView.swift in Sources */,
				87E91D1D29CC3D2D0012FC45 /* FeedView.swift in Sources */,
				87E91D3D29CC87150012FC45 /* SideMenuView.swift in Sources */,
				87E91D0629CB5A930012FC45 /* TwitterSwiftUICloneApp.swift in Sources */,
				87E91D2929CC4D5D0012FC45 /* ExploreView.swift in Sources */,
				87FF67B929D0E490002B004F /* TextArea.swift in Sources */,
				87E91D4129CC873F0012FC45 /* SideMenuViewModel.swift in Sources */,
				87FF67B729D0E2B3002B004F /* NewTweetView.swift in Sources */,
				87E91D3829CC81ED0012FC45 /* UserRowView.swift in Sources */,
				87E91D2329CC4AFF0012FC45 /* MainTabView.swift in Sources */,
				87E91D2B29CC4D870012FC45 /* NotificationsView.swift in Sources */,
				87E91D4329CC8AE10012FC45 /* UserStatsView.swift in Sources */,
			);
			runOnlyForDeploymentPostprocessing = 0;
		};
/* End PBXSourcesBuildPhase section */

/* Begin XCBuildConfiguration section */
		87E91D0F29CB5A950012FC45 /* Debug */ = {
			isa = XCBuildConfiguration;
			buildSettings = {
				ALWAYS_SEARCH_USER_PATHS = NO;
				CLANG_ANALYZER_NONNULL = YES;
				CLANG_ANALYZER_NUMBER_OBJECT_CONVERSION = YES_AGGRESSIVE;
				CLANG_CXX_LANGUAGE_STANDARD = "gnu++20";
				CLANG_ENABLE_MODULES = YES;
				CLANG_ENABLE_OBJC_ARC = YES;
				CLANG_ENABLE_OBJC_WEAK = YES;
				CLANG_WARN_BLOCK_CAPTURE_AUTORELEASING = YES;
				CLANG_WARN_BOOL_CONVERSION = YES;
				CLANG_WARN_COMMA = YES;
				CLANG_WARN_CONSTANT_CONVERSION = YES;
				CLANG_WARN_DEPRECATED_OBJC_IMPLEMENTATIONS = YES;
				CLANG_WARN_DIRECT_OBJC_ISA_USAGE = YES_ERROR;
				CLANG_WARN_DOCUMENTATION_COMMENTS = YES;
				CLANG_WARN_EMPTY_BODY = YES;
				CLANG_WARN_ENUM_CONVERSION = YES;
				CLANG_WARN_INFINITE_RECURSION = YES;
				CLANG_WARN_INT_CONVERSION = YES;
				CLANG_WARN_NON_LITERAL_NULL_CONVERSION = YES;
				CLANG_WARN_OBJC_IMPLICIT_RETAIN_SELF = YES;
				CLANG_WARN_OBJC_LITERAL_CONVERSION = YES;
				CLANG_WARN_OBJC_ROOT_CLASS = YES_ERROR;
				CLANG_WARN_QUOTED_INCLUDE_IN_FRAMEWORK_HEADER = YES;
				CLANG_WARN_RANGE_LOOP_ANALYSIS = YES;
				CLANG_WARN_STRICT_PROTOTYPES = YES;
				CLANG_WARN_SUSPICIOUS_MOVE = YES;
				CLANG_WARN_UNGUARDED_AVAILABILITY = YES_AGGRESSIVE;
				CLANG_WARN_UNREACHABLE_CODE = YES;
				CLANG_WARN__DUPLICATE_METHOD_MATCH = YES;
				COPY_PHASE_STRIP = NO;
				DEBUG_INFORMATION_FORMAT = dwarf;
				ENABLE_STRICT_OBJC_MSGSEND = YES;
				ENABLE_TESTABILITY = YES;
				GCC_C_LANGUAGE_STANDARD = gnu11;
				GCC_DYNAMIC_NO_PIC = NO;
				GCC_NO_COMMON_BLOCKS = YES;
				GCC_OPTIMIZATION_LEVEL = 0;
				GCC_PREPROCESSOR_DEFINITIONS = (
					"DEBUG=1",
					"$(inherited)",
				);
				GCC_WARN_64_TO_32_BIT_CONVERSION = YES;
				GCC_WARN_ABOUT_RETURN_TYPE = YES_ERROR;
				GCC_WARN_UNDECLARED_SELECTOR = YES;
				GCC_WARN_UNINITIALIZED_AUTOS = YES_AGGRESSIVE;
				GCC_WARN_UNUSED_FUNCTION = YES;
				GCC_WARN_UNUSED_VARIABLE = YES;
				MTL_ENABLE_DEBUG_INFO = INCLUDE_SOURCE;
				MTL_FAST_MATH = YES;
				ONLY_ACTIVE_ARCH = YES;
				SWIFT_ACTIVE_COMPILATION_CONDITIONS = DEBUG;
				SWIFT_OPTIMIZATION_LEVEL = "-Onone";
			};
			name = Debug;
		};
		87E91D1029CB5A950012FC45 /* Release */ = {
			isa = XCBuildConfiguration;
			buildSettings = {
				ALWAYS_SEARCH_USER_PATHS = NO;
				CLANG_ANALYZER_NONNULL = YES;
				CLANG_ANALYZER_NUMBER_OBJECT_CONVERSION = YES_AGGRESSIVE;
				CLANG_CXX_LANGUAGE_STANDARD = "gnu++20";
				CLANG_ENABLE_MODULES = YES;
				CLANG_ENABLE_OBJC_ARC = YES;
				CLANG_ENABLE_OBJC_WEAK = YES;
				CLANG_WARN_BLOCK_CAPTURE_AUTORELEASING = YES;
				CLANG_WARN_BOOL_CONVERSION = YES;
				CLANG_WARN_COMMA = YES;
				CLANG_WARN_CONSTANT_CONVERSION = YES;
				CLANG_WARN_DEPRECATED_OBJC_IMPLEMENTATIONS = YES;
				CLANG_WARN_DIRECT_OBJC_ISA_USAGE = YES_ERROR;
				CLANG_WARN_DOCUMENTATION_COMMENTS = YES;
				CLANG_WARN_EMPTY_BODY = YES;
				CLANG_WARN_ENUM_CONVERSION = YES;
				CLANG_WARN_INFINITE_RECURSION = YES;
				CLANG_WARN_INT_CONVERSION = YES;
				CLANG_WARN_NON_LITERAL_NULL_CONVERSION = YES;
				CLANG_WARN_OBJC_IMPLICIT_RETAIN_SELF = YES;
				CLANG_WARN_OBJC_LITERAL_CONVERSION = YES;
				CLANG_WARN_OBJC_ROOT_CLASS = YES_ERROR;
				CLANG_WARN_QUOTED_INCLUDE_IN_FRAMEWORK_HEADER = YES;
				CLANG_WARN_RANGE_LOOP_ANALYSIS = YES;
				CLANG_WARN_STRICT_PROTOTYPES = YES;
				CLANG_WARN_SUSPICIOUS_MOVE = YES;
				CLANG_WARN_UNGUARDED_AVAILABILITY = YES_AGGRESSIVE;
				CLANG_WARN_UNREACHABLE_CODE = YES;
				CLANG_WARN__DUPLICATE_METHOD_MATCH = YES;
				COPY_PHASE_STRIP = NO;
				DEBUG_INFORMATION_FORMAT = "dwarf-with-dsym";
				ENABLE_NS_ASSERTIONS = NO;
				ENABLE_STRICT_OBJC_MSGSEND = YES;
				GCC_C_LANGUAGE_STANDARD = gnu11;
				GCC_NO_COMMON_BLOCKS = YES;
				GCC_WARN_64_TO_32_BIT_CONVERSION = YES;
				GCC_WARN_ABOUT_RETURN_TYPE = YES_ERROR;
				GCC_WARN_UNDECLARED_SELECTOR = YES;
				GCC_WARN_UNINITIALIZED_AUTOS = YES_AGGRESSIVE;
				GCC_WARN_UNUSED_FUNCTION = YES;
				GCC_WARN_UNUSED_VARIABLE = YES;
				MTL_ENABLE_DEBUG_INFO = NO;
				MTL_FAST_MATH = YES;
				SWIFT_COMPILATION_MODE = wholemodule;
				SWIFT_OPTIMIZATION_LEVEL = "-O";
			};
			name = Release;
		};
		87E91D1229CB5A950012FC45 /* Debug */ = {
			isa = XCBuildConfiguration;
			buildSettings = {
				ASSETCATALOG_COMPILER_APPICON_NAME = AppIcon;
				ASSETCATALOG_COMPILER_GLOBAL_ACCENT_COLOR_NAME = AccentColor;
				CODE_SIGN_ENTITLEMENTS = TwitterSwiftUIClone/TwitterSwiftUIClone.entitlements;
				CODE_SIGN_STYLE = Automatic;
				CURRENT_PROJECT_VERSION = 1;
				DEVELOPMENT_ASSET_PATHS = "\"TwitterSwiftUIClone/Preview Content\"";
				DEVELOPMENT_TEAM = 583MU3G3UH;
				ENABLE_HARDENED_RUNTIME = YES;
				ENABLE_PREVIEWS = YES;
				GENERATE_INFOPLIST_FILE = YES;
				"INFOPLIST_KEY_UIApplicationSceneManifest_Generation[sdk=iphoneos*]" = YES;
				"INFOPLIST_KEY_UIApplicationSceneManifest_Generation[sdk=iphonesimulator*]" = YES;
				"INFOPLIST_KEY_UIApplicationSupportsIndirectInputEvents[sdk=iphoneos*]" = YES;
				"INFOPLIST_KEY_UIApplicationSupportsIndirectInputEvents[sdk=iphonesimulator*]" = YES;
				"INFOPLIST_KEY_UILaunchScreen_Generation[sdk=iphoneos*]" = YES;
				"INFOPLIST_KEY_UILaunchScreen_Generation[sdk=iphonesimulator*]" = YES;
				"INFOPLIST_KEY_UIStatusBarStyle[sdk=iphoneos*]" = UIStatusBarStyleDefault;
				"INFOPLIST_KEY_UIStatusBarStyle[sdk=iphonesimulator*]" = UIStatusBarStyleDefault;
				INFOPLIST_KEY_UISupportedInterfaceOrientations_iPad = "UIInterfaceOrientationPortrait UIInterfaceOrientationPortraitUpsideDown UIInterfaceOrientationLandscapeLeft UIInterfaceOrientationLandscapeRight";
				INFOPLIST_KEY_UISupportedInterfaceOrientations_iPhone = "UIInterfaceOrientationPortrait UIInterfaceOrientationLandscapeLeft UIInterfaceOrientationLandscapeRight";
				IPHONEOS_DEPLOYMENT_TARGET = 16.1;
				LD_RUNPATH_SEARCH_PATHS = "@executable_path/Frameworks";
				"LD_RUNPATH_SEARCH_PATHS[sdk=macosx*]" = "@executable_path/../Frameworks";
				MACOSX_DEPLOYMENT_TARGET = 13.0;
				MARKETING_VERSION = 1.0;
				PRODUCT_BUNDLE_IDENTIFIER = testw.TwitterSwiftUIClone;
				PRODUCT_NAME = "$(TARGET_NAME)";
				SDKROOT = auto;
				SUPPORTED_PLATFORMS = "iphoneos iphonesimulator macosx";
				SWIFT_EMIT_LOC_STRINGS = YES;
				SWIFT_VERSION = 5.0;
				TARGETED_DEVICE_FAMILY = "1,2";
			};
			name = Debug;
		};
		87E91D1329CB5A950012FC45 /* Release */ = {
			isa = XCBuildConfiguration;
			buildSettings = {
				ASSETCATALOG_COMPILER_APPICON_NAME = AppIcon;
				ASSETCATALOG_COMPILER_GLOBAL_ACCENT_COLOR_NAME = AccentColor;
				CODE_SIGN_ENTITLEMENTS = TwitterSwiftUIClone/TwitterSwiftUIClone.entitlements;
				CODE_SIGN_STYLE = Automatic;
				CURRENT_PROJECT_VERSION = 1;
				DEVELOPMENT_ASSET_PATHS = "\"TwitterSwiftUIClone/Preview Content\"";
				DEVELOPMENT_TEAM = 583MU3G3UH;
				ENABLE_HARDENED_RUNTIME = YES;
				ENABLE_PREVIEWS = YES;
				GENERATE_INFOPLIST_FILE = YES;
				"INFOPLIST_KEY_UIApplicationSceneManifest_Generation[sdk=iphoneos*]" = YES;
				"INFOPLIST_KEY_UIApplicationSceneManifest_Generation[sdk=iphonesimulator*]" = YES;
				"INFOPLIST_KEY_UIApplicationSupportsIndirectInputEvents[sdk=iphoneos*]" = YES;
				"INFOPLIST_KEY_UIApplicationSupportsIndirectInputEvents[sdk=iphonesimulator*]" = YES;
				"INFOPLIST_KEY_UILaunchScreen_Generation[sdk=iphoneos*]" = YES;
				"INFOPLIST_KEY_UILaunchScreen_Generation[sdk=iphonesimulator*]" = YES;
				"INFOPLIST_KEY_UIStatusBarStyle[sdk=iphoneos*]" = UIStatusBarStyleDefault;
				"INFOPLIST_KEY_UIStatusBarStyle[sdk=iphonesimulator*]" = UIStatusBarStyleDefault;
				INFOPLIST_KEY_UISupportedInterfaceOrientations_iPad = "UIInterfaceOrientationPortrait UIInterfaceOrientationPortraitUpsideDown UIInterfaceOrientationLandscapeLeft UIInterfaceOrientationLandscapeRight";
				INFOPLIST_KEY_UISupportedInterfaceOrientations_iPhone = "UIInterfaceOrientationPortrait UIInterfaceOrientationLandscapeLeft UIInterfaceOrientationLandscapeRight";
				IPHONEOS_DEPLOYMENT_TARGET = 16.1;
				LD_RUNPATH_SEARCH_PATHS = "@executable_path/Frameworks";
				"LD_RUNPATH_SEARCH_PATHS[sdk=macosx*]" = "@executable_path/../Frameworks";
				MACOSX_DEPLOYMENT_TARGET = 13.0;
				MARKETING_VERSION = 1.0;
				PRODUCT_BUNDLE_IDENTIFIER = testw.TwitterSwiftUIClone;
				PRODUCT_NAME = "$(TARGET_NAME)";
				SDKROOT = auto;
				SUPPORTED_PLATFORMS = "iphoneos iphonesimulator macosx";
				SWIFT_EMIT_LOC_STRINGS = YES;
				SWIFT_VERSION = 5.0;
				TARGETED_DEVICE_FAMILY = "1,2";
			};
			name = Release;
		};
/* End XCBuildConfiguration section */

/* Begin XCConfigurationList section */
		87E91CFD29CB5A930012FC45 /* Build configuration list for PBXProject "TwitterSwiftUIClone" */ = {
			isa = XCConfigurationList;
			buildConfigurations = (
				87E91D0F29CB5A950012FC45 /* Debug */,
				87E91D1029CB5A950012FC45 /* Release */,
			);
			defaultConfigurationIsVisible = 0;
			defaultConfigurationName = Release;
		};
		87E91D1129CB5A950012FC45 /* Build configuration list for PBXNativeTarget "TwitterSwiftUIClone" */ = {
			isa = XCConfigurationList;
			buildConfigurations = (
				87E91D1229CB5A950012FC45 /* Debug */,
				87E91D1329CB5A950012FC45 /* Release */,
			);
			defaultConfigurationIsVisible = 0;
			defaultConfigurationName = Release;
		};
/* End XCConfigurationList section */
	};
	rootObject = 87E91CFA29CB5A930012FC45 /* Project object */;
}
